PODS:
  - CGXTextOC (0.0.2):
    - CGXTextOC/MenuA (= 0.0.2)
    - CGXTextOC/MenuB (= 0.0.2)
  - CGXTextOC/MenuA (0.0.2)
  - CGXTextOC/MenuB (0.0.2)

DEPENDENCIES:
  - CGXTextOC (from `../`)

EXTERNAL SOURCES:
  CGXTextOC:
    :path: "../"

SPEC CHECKSUMS:
  CGXTextOC: d204cc5e4b02510e93a314dab6e73d85403a12e5

PODFILE CHECKSUM: 5080d6d658c091254f308a5de9c3882ef9beed2e

COCOAPODS: 1.10.0.beta.1
